<?xml version="1.0" encoding="utf-8"?>
<Project ToolsVersion="4.0" xmlns="http://schemas.microsoft.com/developer/msbuild/2003">
  <ItemGroup>
    <Filter Include="Quag">
      <UniqueIdentifier>{D3788B7C-BFAF-8C0D-689C-721054B2080F}</UniqueIdentifier>
    </Filter>
  </ItemGroup>
  <ItemGroup>
    <ClInclude Include="src\Quag.h" />
    <ClInclude Include="src\Quag\Application.h">
      <Filter>Quag</Filter>
    </ClInclude>
    <ClInclude Include="src\Quag\Core.h">
      <Filter>Quag</Filter>
    </ClInclude>
    <ClInclude Include="src\Quag\EntryPoint.h">
      <Filter>Quag</Filter>
    </ClInclude>
    <ClInclude Include="src\Quag\Log.h">
      <Filter>Quag</Filter>
    </ClInclude>
  </ItemGroup>
  <ItemGroup>
    <ClCompile Include="src\Quag\Application.cpp">
      <Filter>Quag</Filter>
    </ClCompile>
    <ClCompile Include="src\Quag\Core.cpp">
      <Filter>Quag</Filter>
    </ClCompile>
    <ClCompile Include="src\Quag\Log.cpp">
      <Filter>Quag</Filter>
    </ClCompile>
  </ItemGroup>
</Project>